
Microsoft Visual Studio Solution File, Format Version 12.00
# Visual Studio Version 17
VisualStudioVersion = 17.3.32901.215
MinimumVisualStudioVersion = 10.0.40219.1
Project("{9A19103F-16F7-4668-BE54-9A1E7A4F7556}") = "QuixStreams.Streaming", "QuixStreams.Streaming\QuixStreams.Streaming.csproj", "{E317338C-BD9B-455A-82AC-81400D7F1C68}"
EndProject
Project("{9A19103F-16F7-4668-BE54-9A1E7A4F7556}") = "QuixStreams.Tester", "QuixStreams.Tester\QuixStreams.Tester.csproj", "{350E3A07-A7F5-4ED0-8328-059CC80F07E9}"
EndProject
Project("{9A19103F-16F7-4668-BE54-9A1E7A4F7556}") = "QuixStreams.Streaming.UnitTests", "QuixStreams.Streaming.UnitTests\QuixStreams.Streaming.UnitTests.csproj", "{6EAC0582-35C1-45F8-B214-99217D52806D}"
EndProject
Project("{9A19103F-16F7-4668-BE54-9A1E7A4F7556}") = "QuixStreams.Telemetry", "QuixStreams.Telemetry\QuixStreams.Telemetry.csproj", "{CCEC11B8-2CCE-4AD5-8094-FFD92C3AA42C}"
EndProject
Project("{9A19103F-16F7-4668-BE54-9A1E7A4F7556}") = "QuixStreams.Streaming.IntegrationTests", "QuixStreams.Streaming.IntegrationTests\QuixStreams.Streaming.IntegrationTests.csproj", "{F3FA5616-9E34-4B8D-9DB9-29C05D223EA4}"
EndProject
Project("{9A19103F-16F7-4668-BE54-9A1E7A4F7556}") = "QuixStreams.Kafka.Transport", "QuixStreams.Kafka.Transport\QuixStreams.Kafka.Transport.csproj", "{34864168-27E3-4C6A-94BA-0A7E51EFC5BD}"
EndProject
Project("{9A19103F-16F7-4668-BE54-9A1E7A4F7556}") = "QuixStreams.Kafka", "QuixStreams.Kafka\QuixStreams.Kafka.csproj", "{CE41D85F-063B-4E3E-955C-8424E0FFB872}"
EndProject
Project("{9A19103F-16F7-4668-BE54-9A1E7A4F7556}") = "QuixStreams.Kafka.Transport.Samples", "QuixStreams.Kafka.Transport.Samples\QuixStreams.Kafka.Transport.Samples.csproj", "{6BB99FD3-0353-4BC3-A940-7D1E6FFF6E43}"
EndProject
Project("{9A19103F-16F7-4668-BE54-9A1E7A4F7556}") = "QuixStreams.Telemetry.UnitTests", "QuixStreams.Telemetry.UnitTests\QuixStreams.Telemetry.UnitTests.csproj", "{73D77A25-E684-4825-8884-722D9F667F6D}"
EndProject
Project("{9A19103F-16F7-4668-BE54-9A1E7A4F7556}") = "QuixStreams.Telemetry.Samples", "QuixStreams.Telemetry.Samples\QuixStreams.Telemetry.Samples.csproj", "{E85B2995-C540-440A-B5AD-7E950117AE8D}"
EndProject
Project("{2150E333-8FDC-42A3-9474-1A3956D46DE8}") = "Tests", "Tests", "{F1EDBE48-54DD-4ABE-A6FB-2ECC9C96F260}"
EndProject
Project("{2150E333-8FDC-42A3-9474-1A3956D46DE8}") = "Samples", "Samples", "{A017302E-839F-4D1C-AD50-5C6AF5F7DE3F}"
EndProject
Project("{9A19103F-16F7-4668-BE54-9A1E7A4F7556}") = "QuixStreams.Speedtest", "QuixStreams.Speedtest\QuixStreams.Speedtest.csproj", "{D7C3FA96-8F49-4487-BD78-5767544936D1}"
EndProject
Project("{9A19103F-16F7-4668-BE54-9A1E7A4F7556}") = "Quix.TestBase", "Quix.TestBase\Quix.TestBase.csproj", "{1081E386-7684-48DA-8267-011B4FB0513C}"
EndProject
Project("{9A19103F-16F7-4668-BE54-9A1E7A4F7556}") = "QuixStreams.ManyStreamTest", "QuixStreams.ManyStreamTest\QuixStreams.ManyStreamTest.csproj", "{68C508C5-77C7-4B6F-BA67-6A80A7E21929}"
EndProject
Project("{9A19103F-16F7-4668-BE54-9A1E7A4F7556}") = "QuixStreams.ThroughputTest", "QuixStreams.ThroughputTest\QuixStreams.ThroughputTest.csproj", "{A53869D2-0FEF-4569-BB9A-F4D09BB23A9E}"
EndProject
Project("{9A19103F-16F7-4668-BE54-9A1E7A4F7556}") = "QuixStreams.PerformanceTest", "QuixStreams.PerformanceTest\QuixStreams.PerformanceTest.csproj", "{3EAEC689-C154-4878-960F-A41917E9CCE3}"
EndProject
Project("{9A19103F-16F7-4668-BE54-9A1E7A4F7556}") = "QuixStreams.State", "QuixStreams.State\QuixStreams.State.csproj", "{350AC0C0-EB19-4BEF-9AB0-5098FE28AFB4}"
EndProject
Project("{9A19103F-16F7-4668-BE54-9A1E7A4F7556}") = "QuixStreams.State.UnitTests", "QuixStreams.State.UnitTests\QuixStreams.State.UnitTests.csproj", "{E6B67F17-A420-4361-93FA-D93E6E67D838}"
EndProject
Project("{9A19103F-16F7-4668-BE54-9A1E7A4F7556}") = "QuixStreams.RawReadSamples", "QuixStreams.RawReadSamples\QuixStreams.RawReadSamples.csproj", "{A7F9ABF7-7F62-4955-8171-E25912DC2213}"
EndProject
Project("{9A19103F-16F7-4668-BE54-9A1E7A4F7556}") = "QuixStreams.State.ParallelWriteTest", "QuixStreams.State.ParallelWriteTest\QuixStreams.State.ParallelWriteTest.csproj", "{F7B02B1D-BE54-4A7A-9FD1-EDE059B2FC28}"
EndProject
Project("{FAE04EC0-301F-11D3-BF4B-00C04F79EFBC}") = "QuixStreams.Kafka.Tests", "QuixStreams.Kafka.Tests\QuixStreams.Kafka.Tests.csproj", "{4A3B1B05-F64E-4BE7-9C27-53340CD4D6E5}"
EndProject
Project("{FAE04EC0-301F-11D3-BF4B-00C04F79EFBC}") = "QuixStreams.IntegrationTestBase", "QuixStreams.IntegrationTestBase\QuixStreams.IntegrationTestBase.csproj", "{1F88D7A0-5F93-4816-B314-7D26DA3F8FA1}"
EndProject
Project("{FAE04EC0-301F-11D3-BF4B-00C04F79EFBC}") = "QuixStreams.Kafka.Transport.Tests", "QuixStreams.Kafka.Transport.Tests\QuixStreams.Kafka.Transport.Tests.csproj", "{AC3B6BC9-822B-4D21-951E-846B5C15EE2B}"
EndProject
Global
	GlobalSection(SolutionConfigurationPlatforms) = preSolution
		Debug|Any CPU = Debug|Any CPU
		Python|Any CPU = Python|Any CPU
		Release|Any CPU = Release|Any CPU
	EndGlobalSection
	GlobalSection(ProjectConfigurationPlatforms) = postSolution
		{E317338C-BD9B-455A-82AC-81400D7F1C68}.Debug|Any CPU.ActiveCfg = Debug|Any CPU
		{E317338C-BD9B-455A-82AC-81400D7F1C68}.Debug|Any CPU.Build.0 = Debug|Any CPU
		{E317338C-BD9B-455A-82AC-81400D7F1C68}.Python|Any CPU.ActiveCfg = Python|Any CPU
		{E317338C-BD9B-455A-82AC-81400D7F1C68}.Python|Any CPU.Build.0 = Python|Any CPU
		{E317338C-BD9B-455A-82AC-81400D7F1C68}.Release|Any CPU.ActiveCfg = Release|Any CPU
		{E317338C-BD9B-455A-82AC-81400D7F1C68}.Release|Any CPU.Build.0 = Release|Any CPU
		{350E3A07-A7F5-4ED0-8328-059CC80F07E9}.Debug|Any CPU.ActiveCfg = Debug|Any CPU
		{350E3A07-A7F5-4ED0-8328-059CC80F07E9}.Debug|Any CPU.Build.0 = Debug|Any CPU
		{350E3A07-A7F5-4ED0-8328-059CC80F07E9}.Python|Any CPU.ActiveCfg = Python|Any CPU
		{350E3A07-A7F5-4ED0-8328-059CC80F07E9}.Python|Any CPU.Build.0 = Python|Any CPU
		{350E3A07-A7F5-4ED0-8328-059CC80F07E9}.Release|Any CPU.ActiveCfg = Release|Any CPU
		{350E3A07-A7F5-4ED0-8328-059CC80F07E9}.Release|Any CPU.Build.0 = Release|Any CPU
		{6EAC0582-35C1-45F8-B214-99217D52806D}.Debug|Any CPU.ActiveCfg = Debug|Any CPU
		{6EAC0582-35C1-45F8-B214-99217D52806D}.Debug|Any CPU.Build.0 = Debug|Any CPU
		{6EAC0582-35C1-45F8-B214-99217D52806D}.Python|Any CPU.ActiveCfg = Release|Any CPU
		{6EAC0582-35C1-45F8-B214-99217D52806D}.Python|Any CPU.Build.0 = Release|Any CPU
		{6EAC0582-35C1-45F8-B214-99217D52806D}.Release|Any CPU.ActiveCfg = Release|Any CPU
		{6EAC0582-35C1-45F8-B214-99217D52806D}.Release|Any CPU.Build.0 = Release|Any CPU
		{CCEC11B8-2CCE-4AD5-8094-FFD92C3AA42C}.Debug|Any CPU.ActiveCfg = Debug|Any CPU
		{CCEC11B8-2CCE-4AD5-8094-FFD92C3AA42C}.Debug|Any CPU.Build.0 = Debug|Any CPU
		{CCEC11B8-2CCE-4AD5-8094-FFD92C3AA42C}.Python|Any CPU.ActiveCfg = Release|Any CPU
		{CCEC11B8-2CCE-4AD5-8094-FFD92C3AA42C}.Python|Any CPU.Build.0 = Release|Any CPU
		{CCEC11B8-2CCE-4AD5-8094-FFD92C3AA42C}.Release|Any CPU.ActiveCfg = Release|Any CPU
		{CCEC11B8-2CCE-4AD5-8094-FFD92C3AA42C}.Release|Any CPU.Build.0 = Release|Any CPU
		{F3FA5616-9E34-4B8D-9DB9-29C05D223EA4}.Debug|Any CPU.ActiveCfg = Debug|Any CPU
		{F3FA5616-9E34-4B8D-9DB9-29C05D223EA4}.Debug|Any CPU.Build.0 = Debug|Any CPU
		{F3FA5616-9E34-4B8D-9DB9-29C05D223EA4}.Python|Any CPU.ActiveCfg = Python|Any CPU
		{F3FA5616-9E34-4B8D-9DB9-29C05D223EA4}.Python|Any CPU.Build.0 = Python|Any CPU
		{F3FA5616-9E34-4B8D-9DB9-29C05D223EA4}.Release|Any CPU.ActiveCfg = Release|Any CPU
		{F3FA5616-9E34-4B8D-9DB9-29C05D223EA4}.Release|Any CPU.Build.0 = Release|Any CPU
		{34864168-27E3-4C6A-94BA-0A7E51EFC5BD}.Debug|Any CPU.ActiveCfg = Debug|Any CPU
		{34864168-27E3-4C6A-94BA-0A7E51EFC5BD}.Debug|Any CPU.Build.0 = Debug|Any CPU
		{34864168-27E3-4C6A-94BA-0A7E51EFC5BD}.Python|Any CPU.ActiveCfg = Release|Any CPU
		{34864168-27E3-4C6A-94BA-0A7E51EFC5BD}.Python|Any CPU.Build.0 = Release|Any CPU
		{34864168-27E3-4C6A-94BA-0A7E51EFC5BD}.Release|Any CPU.ActiveCfg = Release|Any CPU
		{34864168-27E3-4C6A-94BA-0A7E51EFC5BD}.Release|Any CPU.Build.0 = Release|Any CPU
		{CE41D85F-063B-4E3E-955C-8424E0FFB872}.Debug|Any CPU.ActiveCfg = Debug|Any CPU
		{CE41D85F-063B-4E3E-955C-8424E0FFB872}.Debug|Any CPU.Build.0 = Debug|Any CPU
		{CE41D85F-063B-4E3E-955C-8424E0FFB872}.Python|Any CPU.ActiveCfg = Release|Any CPU
		{CE41D85F-063B-4E3E-955C-8424E0FFB872}.Python|Any CPU.Build.0 = Release|Any CPU
		{CE41D85F-063B-4E3E-955C-8424E0FFB872}.Release|Any CPU.ActiveCfg = Release|Any CPU
		{CE41D85F-063B-4E3E-955C-8424E0FFB872}.Release|Any CPU.Build.0 = Release|Any CPU
		{6BB99FD3-0353-4BC3-A940-7D1E6FFF6E43}.Debug|Any CPU.ActiveCfg = Debug|Any CPU
		{6BB99FD3-0353-4BC3-A940-7D1E6FFF6E43}.Debug|Any CPU.Build.0 = Debug|Any CPU
		{6BB99FD3-0353-4BC3-A940-7D1E6FFF6E43}.Python|Any CPU.ActiveCfg = Python|Any CPU
		{6BB99FD3-0353-4BC3-A940-7D1E6FFF6E43}.Python|Any CPU.Build.0 = Python|Any CPU
		{6BB99FD3-0353-4BC3-A940-7D1E6FFF6E43}.Release|Any CPU.ActiveCfg = Release|Any CPU
		{6BB99FD3-0353-4BC3-A940-7D1E6FFF6E43}.Release|Any CPU.Build.0 = Release|Any CPU
		{73D77A25-E684-4825-8884-722D9F667F6D}.Debug|Any CPU.ActiveCfg = Debug|Any CPU
		{73D77A25-E684-4825-8884-722D9F667F6D}.Debug|Any CPU.Build.0 = Debug|Any CPU
		{73D77A25-E684-4825-8884-722D9F667F6D}.Python|Any CPU.ActiveCfg = Python|Any CPU
		{73D77A25-E684-4825-8884-722D9F667F6D}.Python|Any CPU.Build.0 = Python|Any CPU
		{73D77A25-E684-4825-8884-722D9F667F6D}.Release|Any CPU.ActiveCfg = Release|Any CPU
		{73D77A25-E684-4825-8884-722D9F667F6D}.Release|Any CPU.Build.0 = Release|Any CPU
		{E85B2995-C540-440A-B5AD-7E950117AE8D}.Debug|Any CPU.ActiveCfg = Debug|Any CPU
		{E85B2995-C540-440A-B5AD-7E950117AE8D}.Debug|Any CPU.Build.0 = Debug|Any CPU
		{E85B2995-C540-440A-B5AD-7E950117AE8D}.Python|Any CPU.ActiveCfg = Python|Any CPU
		{E85B2995-C540-440A-B5AD-7E950117AE8D}.Python|Any CPU.Build.0 = Python|Any CPU
		{E85B2995-C540-440A-B5AD-7E950117AE8D}.Release|Any CPU.ActiveCfg = Release|Any CPU
		{E85B2995-C540-440A-B5AD-7E950117AE8D}.Release|Any CPU.Build.0 = Release|Any CPU
		{D7C3FA96-8F49-4487-BD78-5767544936D1}.Debug|Any CPU.ActiveCfg = Debug|Any CPU
		{D7C3FA96-8F49-4487-BD78-5767544936D1}.Debug|Any CPU.Build.0 = Debug|Any CPU
		{D7C3FA96-8F49-4487-BD78-5767544936D1}.Python|Any CPU.ActiveCfg = Python|Any CPU
		{D7C3FA96-8F49-4487-BD78-5767544936D1}.Python|Any CPU.Build.0 = Python|Any CPU
		{D7C3FA96-8F49-4487-BD78-5767544936D1}.Release|Any CPU.ActiveCfg = Release|Any CPU
		{D7C3FA96-8F49-4487-BD78-5767544936D1}.Release|Any CPU.Build.0 = Release|Any CPU
		{1081E386-7684-48DA-8267-011B4FB0513C}.Debug|Any CPU.ActiveCfg = Debug|Any CPU
		{1081E386-7684-48DA-8267-011B4FB0513C}.Debug|Any CPU.Build.0 = Debug|Any CPU
		{1081E386-7684-48DA-8267-011B4FB0513C}.Python|Any CPU.ActiveCfg = Python|Any CPU
		{1081E386-7684-48DA-8267-011B4FB0513C}.Python|Any CPU.Build.0 = Python|Any CPU
		{1081E386-7684-48DA-8267-011B4FB0513C}.Release|Any CPU.ActiveCfg = Release|Any CPU
		{1081E386-7684-48DA-8267-011B4FB0513C}.Release|Any CPU.Build.0 = Release|Any CPU
		{68C508C5-77C7-4B6F-BA67-6A80A7E21929}.Debug|Any CPU.ActiveCfg = Debug|Any CPU
		{68C508C5-77C7-4B6F-BA67-6A80A7E21929}.Debug|Any CPU.Build.0 = Debug|Any CPU
		{68C508C5-77C7-4B6F-BA67-6A80A7E21929}.Python|Any CPU.ActiveCfg = Python|Any CPU
		{68C508C5-77C7-4B6F-BA67-6A80A7E21929}.Python|Any CPU.Build.0 = Python|Any CPU
		{68C508C5-77C7-4B6F-BA67-6A80A7E21929}.Release|Any CPU.ActiveCfg = Release|Any CPU
		{68C508C5-77C7-4B6F-BA67-6A80A7E21929}.Release|Any CPU.Build.0 = Release|Any CPU
		{A53869D2-0FEF-4569-BB9A-F4D09BB23A9E}.Debug|Any CPU.ActiveCfg = Debug|Any CPU
		{A53869D2-0FEF-4569-BB9A-F4D09BB23A9E}.Debug|Any CPU.Build.0 = Debug|Any CPU
		{A53869D2-0FEF-4569-BB9A-F4D09BB23A9E}.Python|Any CPU.ActiveCfg = Python|Any CPU
		{A53869D2-0FEF-4569-BB9A-F4D09BB23A9E}.Python|Any CPU.Build.0 = Python|Any CPU
		{A53869D2-0FEF-4569-BB9A-F4D09BB23A9E}.Release|Any CPU.ActiveCfg = Release|Any CPU
		{A53869D2-0FEF-4569-BB9A-F4D09BB23A9E}.Release|Any CPU.Build.0 = Release|Any CPU
		{3EAEC689-C154-4878-960F-A41917E9CCE3}.Debug|Any CPU.ActiveCfg = Debug|Any CPU
		{3EAEC689-C154-4878-960F-A41917E9CCE3}.Debug|Any CPU.Build.0 = Debug|Any CPU
		{3EAEC689-C154-4878-960F-A41917E9CCE3}.Python|Any CPU.ActiveCfg = Python|Any CPU
		{3EAEC689-C154-4878-960F-A41917E9CCE3}.Python|Any CPU.Build.0 = Python|Any CPU
		{3EAEC689-C154-4878-960F-A41917E9CCE3}.Release|Any CPU.ActiveCfg = Release|Any CPU
		{3EAEC689-C154-4878-960F-A41917E9CCE3}.Release|Any CPU.Build.0 = Release|Any CPU
		{350AC0C0-EB19-4BEF-9AB0-5098FE28AFB4}.Debug|Any CPU.ActiveCfg = Debug|Any CPU
		{350AC0C0-EB19-4BEF-9AB0-5098FE28AFB4}.Debug|Any CPU.Build.0 = Debug|Any CPU
		{350AC0C0-EB19-4BEF-9AB0-5098FE28AFB4}.Python|Any CPU.ActiveCfg = Release|Any CPU
		{350AC0C0-EB19-4BEF-9AB0-5098FE28AFB4}.Python|Any CPU.Build.0 = Release|Any CPU
		{350AC0C0-EB19-4BEF-9AB0-5098FE28AFB4}.Release|Any CPU.ActiveCfg = Release|Any CPU
		{350AC0C0-EB19-4BEF-9AB0-5098FE28AFB4}.Release|Any CPU.Build.0 = Release|Any CPU
		{E6B67F17-A420-4361-93FA-D93E6E67D838}.Debug|Any CPU.ActiveCfg = Debug|Any CPU
		{E6B67F17-A420-4361-93FA-D93E6E67D838}.Debug|Any CPU.Build.0 = Debug|Any CPU
		{E6B67F17-A420-4361-93FA-D93E6E67D838}.Python|Any CPU.ActiveCfg = Python|Any CPU
		{E6B67F17-A420-4361-93FA-D93E6E67D838}.Python|Any CPU.Build.0 = Python|Any CPU
		{E6B67F17-A420-4361-93FA-D93E6E67D838}.Release|Any CPU.ActiveCfg = Release|Any CPU
		{E6B67F17-A420-4361-93FA-D93E6E67D838}.Release|Any CPU.Build.0 = Release|Any CPU
		{A7F9ABF7-7F62-4955-8171-E25912DC2213}.Debug|Any CPU.ActiveCfg = Debug|Any CPU
		{A7F9ABF7-7F62-4955-8171-E25912DC2213}.Debug|Any CPU.Build.0 = Debug|Any CPU
		{A7F9ABF7-7F62-4955-8171-E25912DC2213}.Python|Any CPU.ActiveCfg = Python|Any CPU
		{A7F9ABF7-7F62-4955-8171-E25912DC2213}.Python|Any CPU.Build.0 = Python|Any CPU
		{A7F9ABF7-7F62-4955-8171-E25912DC2213}.Release|Any CPU.ActiveCfg = Release|Any CPU
		{A7F9ABF7-7F62-4955-8171-E25912DC2213}.Release|Any CPU.Build.0 = Release|Any CPU
		{F7B02B1D-BE54-4A7A-9FD1-EDE059B2FC28}.Debug|Any CPU.ActiveCfg = Debug|Any CPU
		{F7B02B1D-BE54-4A7A-9FD1-EDE059B2FC28}.Debug|Any CPU.Build.0 = Debug|Any CPU
		{F7B02B1D-BE54-4A7A-9FD1-EDE059B2FC28}.Python|Any CPU.ActiveCfg = Debug|Any CPU
		{F7B02B1D-BE54-4A7A-9FD1-EDE059B2FC28}.Python|Any CPU.Build.0 = Debug|Any CPU
		{F7B02B1D-BE54-4A7A-9FD1-EDE059B2FC28}.Release|Any CPU.ActiveCfg = Release|Any CPU
		{4A3B1B05-F64E-4BE7-9C27-53340CD4D6E5}.Debug|Any CPU.ActiveCfg = Debug|Any CPU
		{4A3B1B05-F64E-4BE7-9C27-53340CD4D6E5}.Debug|Any CPU.Build.0 = Debug|Any CPU
		{4A3B1B05-F64E-4BE7-9C27-53340CD4D6E5}.Python|Any CPU.ActiveCfg = Debug|Any CPU
		{4A3B1B05-F64E-4BE7-9C27-53340CD4D6E5}.Python|Any CPU.Build.0 = Debug|Any CPU
		{4A3B1B05-F64E-4BE7-9C27-53340CD4D6E5}.Release|Any CPU.ActiveCfg = Release|Any CPU
		{4A3B1B05-F64E-4BE7-9C27-53340CD4D6E5}.Release|Any CPU.Build.0 = Release|Any CPU
		{1F88D7A0-5F93-4816-B314-7D26DA3F8FA1}.Debug|Any CPU.ActiveCfg = Debug|Any CPU
		{1F88D7A0-5F93-4816-B314-7D26DA3F8FA1}.Debug|Any CPU.Build.0 = Debug|Any CPU
		{1F88D7A0-5F93-4816-B314-7D26DA3F8FA1}.Python|Any CPU.ActiveCfg = Debug|Any CPU
		{1F88D7A0-5F93-4816-B314-7D26DA3F8FA1}.Python|Any CPU.Build.0 = Debug|Any CPU
		{1F88D7A0-5F93-4816-B314-7D26DA3F8FA1}.Release|Any CPU.ActiveCfg = Release|Any CPU
		{1F88D7A0-5F93-4816-B314-7D26DA3F8FA1}.Release|Any CPU.Build.0 = Release|Any CPU
		{AC3B6BC9-822B-4D21-951E-846B5C15EE2B}.Debug|Any CPU.ActiveCfg = Debug|Any CPU
		{AC3B6BC9-822B-4D21-951E-846B5C15EE2B}.Debug|Any CPU.Build.0 = Debug|Any CPU
		{AC3B6BC9-822B-4D21-951E-846B5C15EE2B}.Python|Any CPU.ActiveCfg = Debug|Any CPU
		{AC3B6BC9-822B-4D21-951E-846B5C15EE2B}.Python|Any CPU.Build.0 = Debug|Any CPU
		{AC3B6BC9-822B-4D21-951E-846B5C15EE2B}.Release|Any CPU.ActiveCfg = Release|Any CPU
		{AC3B6BC9-822B-4D21-951E-846B5C15EE2B}.Release|Any CPU.Build.0 = Release|Any CPU
	EndGlobalSection
	GlobalSection(SolutionProperties) = preSolution
		HideSolutionNode = FALSE
	EndGlobalSection
	GlobalSection(NestedProjects) = preSolution
		{350E3A07-A7F5-4ED0-8328-059CC80F07E9} = {A017302E-839F-4D1C-AD50-5C6AF5F7DE3F}
		{6EAC0582-35C1-45F8-B214-99217D52806D} = {F1EDBE48-54DD-4ABE-A6FB-2ECC9C96F260}
		{F3FA5616-9E34-4B8D-9DB9-29C05D223EA4} = {F1EDBE48-54DD-4ABE-A6FB-2ECC9C96F260}
		{6BB99FD3-0353-4BC3-A940-7D1E6FFF6E43} = {A017302E-839F-4D1C-AD50-5C6AF5F7DE3F}
		{73D77A25-E684-4825-8884-722D9F667F6D} = {F1EDBE48-54DD-4ABE-A6FB-2ECC9C96F260}
		{E85B2995-C540-440A-B5AD-7E950117AE8D} = {A017302E-839F-4D1C-AD50-5C6AF5F7DE3F}
		{D7C3FA96-8F49-4487-BD78-5767544936D1} = {A017302E-839F-4D1C-AD50-5C6AF5F7DE3F}
		{1081E386-7684-48DA-8267-011B4FB0513C} = {F1EDBE48-54DD-4ABE-A6FB-2ECC9C96F260}
		{68C508C5-77C7-4B6F-BA67-6A80A7E21929} = {A017302E-839F-4D1C-AD50-5C6AF5F7DE3F}
		{A53869D2-0FEF-4569-BB9A-F4D09BB23A9E} = {A017302E-839F-4D1C-AD50-5C6AF5F7DE3F}
		{3EAEC689-C154-4878-960F-A41917E9CCE3} = {A017302E-839F-4D1C-AD50-5C6AF5F7DE3F}
		{E6B67F17-A420-4361-93FA-D93E6E67D838} = {F1EDBE48-54DD-4ABE-A6FB-2ECC9C96F260}
		{A7F9ABF7-7F62-4955-8171-E25912DC2213} = {A017302E-839F-4D1C-AD50-5C6AF5F7DE3F}
		{F7B02B1D-BE54-4A7A-9FD1-EDE059B2FC28} = {A017302E-839F-4D1C-AD50-5C6AF5F7DE3F}
		{4A3B1B05-F64E-4BE7-9C27-53340CD4D6E5} = {F1EDBE48-54DD-4ABE-A6FB-2ECC9C96F260}
		{1F88D7A0-5F93-4816-B314-7D26DA3F8FA1} = {F1EDBE48-54DD-4ABE-A6FB-2ECC9C96F260}
		{AC3B6BC9-822B-4D21-951E-846B5C15EE2B} = {F1EDBE48-54DD-4ABE-A6FB-2ECC9C96F260}
	EndGlobalSection
	GlobalSection(ExtensibilityGlobals) = postSolution
		SolutionGuid = {C6290472-9588-465F-889C-D5CA8A845449}
	EndGlobalSection
EndGlobal
