
Microsoft Visual Studio Solution File, Format Version 12.00
# Visual Studio Version 17
VisualStudioVersion = 17.3.32901.215
MinimumVisualStudioVersion = 10.0.40219.1
Project("{9A19103F-16F7-4668-BE54-9A1E7A4F7556}") = "Quix.Streams.Streaming", "Quix.Streams.Streaming\Quix.Streams.Streaming.csproj", "{E317338C-BD9B-455A-82AC-81400D7F1C68}"
EndProject
Project("{9A19103F-16F7-4668-BE54-9A1E7A4F7556}") = "Quix.Streams.Streaming.Samples", "Quix.Streams.Streaming.Samples\Quix.Streams.Streaming.Samples.csproj", "{350E3A07-A7F5-4ED0-8328-059CC80F07E9}"
EndProject
Project("{9A19103F-16F7-4668-BE54-9A1E7A4F7556}") = "Quix.Streams.Streaming.UnitTests", "Quix.Streams.Streaming.UnitTests\Quix.Streams.Streaming.UnitTests.csproj", "{6EAC0582-35C1-45F8-B214-99217D52806D}"
EndProject
Project("{9A19103F-16F7-4668-BE54-9A1E7A4F7556}") = "Quix.Streams.Telemetry", "Quix.Streams.Telemetry\Quix.Streams.Telemetry.csproj", "{CCEC11B8-2CCE-4AD5-8094-FFD92C3AA42C}"
EndProject
Project("{9A19103F-16F7-4668-BE54-9A1E7A4F7556}") = "Quix.Streams.Streaming.IntegrationTests", "Quix.Streams.Streaming.IntegrationTests\Quix.Streams.Streaming.IntegrationTests.csproj", "{F3FA5616-9E34-4B8D-9DB9-29C05D223EA4}"
EndProject
Project("{9A19103F-16F7-4668-BE54-9A1E7A4F7556}") = "Quix.Streams.Telemetry.Common.Test", "Quix.Streams.Telemetry.Common.Test\Quix.Streams.Telemetry.Common.Test.csproj", "{AA9570F5-8275-431B-8955-CFEE282FCBA4}"
EndProject
Project("{9A19103F-16F7-4668-BE54-9A1E7A4F7556}") = "Quix.Streams.Transport", "Quix.Streams.Transport\Quix.Streams.Transport.csproj", "{34864168-27E3-4C6A-94BA-0A7E51EFC5BD}"
EndProject
Project("{9A19103F-16F7-4668-BE54-9A1E7A4F7556}") = "Quix.Streams.Transport.Kafka", "Quix.Streams.Transport.Kafka\Quix.Streams.Transport.Kafka.csproj", "{CE41D85F-063B-4E3E-955C-8424E0FFB872}"
EndProject
Project("{9A19103F-16F7-4668-BE54-9A1E7A4F7556}") = "Quix.Streams.Transport.UnitTests", "Quix.Streams.Transport.UnitTests\Quix.Streams.Transport.UnitTests.csproj", "{DAFD6128-ACF8-41F3-BF36-A46EFC1545E2}"
EndProject
Project("{9A19103F-16F7-4668-BE54-9A1E7A4F7556}") = "Quix.Streams.Transport.Samples", "Quix.Streams.Transport.Samples\Quix.Streams.Transport.Samples.csproj", "{6BB99FD3-0353-4BC3-A940-7D1E6FFF6E43}"
EndProject
Project("{9A19103F-16F7-4668-BE54-9A1E7A4F7556}") = "Quix.Streams.Telemetry.UnitTests", "Quix.Streams.Telemetry.UnitTests\Quix.Streams.Telemetry.UnitTests.csproj", "{73D77A25-E684-4825-8884-722D9F667F6D}"
EndProject
Project("{9A19103F-16F7-4668-BE54-9A1E7A4F7556}") = "Quix.Streams.Telemetry.Samples", "Quix.Streams.Telemetry.Samples\Quix.Streams.Telemetry.Samples.csproj", "{E85B2995-C540-440A-B5AD-7E950117AE8D}"
EndProject
Project("{2150E333-8FDC-42A3-9474-1A3956D46DE8}") = "Tests", "Tests", "{F1EDBE48-54DD-4ABE-A6FB-2ECC9C96F260}"
EndProject
Project("{2150E333-8FDC-42A3-9474-1A3956D46DE8}") = "Samples", "Samples", "{A017302E-839F-4D1C-AD50-5C6AF5F7DE3F}"
EndProject
Project("{9A19103F-16F7-4668-BE54-9A1E7A4F7556}") = "Quix.Streams.Speedtest", "Quix.Streams.Speedtest\Quix.Streams.Speedtest.csproj", "{D7C3FA96-8F49-4487-BD78-5767544936D1}"
EndProject
Project("{9A19103F-16F7-4668-BE54-9A1E7A4F7556}") = "Quix.TestBase", "Quix.TestBase\Quix.TestBase.csproj", "{1081E386-7684-48DA-8267-011B4FB0513C}"
EndProject
Project("{9A19103F-16F7-4668-BE54-9A1E7A4F7556}") = "Quix.Streams.ManyStreamTest", "Quix.Streams.ManyStreamTest\Quix.Streams.ManyStreamTest.csproj", "{68C508C5-77C7-4B6F-BA67-6A80A7E21929}"
EndProject
Project("{9A19103F-16F7-4668-BE54-9A1E7A4F7556}") = "Quix.Streams.ThroughputTest", "Quix.Streams.ThroughputTest\Quix.Streams.ThroughputTest.csproj", "{A53869D2-0FEF-4569-BB9A-F4D09BB23A9E}"
EndProject
Project("{9A19103F-16F7-4668-BE54-9A1E7A4F7556}") = "Quix.Streams.PerformanceTest", "Quix.Streams.PerformanceTest\Quix.Streams.PerformanceTest.csproj", "{3EAEC689-C154-4878-960F-A41917E9CCE3}"
EndProject
Project("{9A19103F-16F7-4668-BE54-9A1E7A4F7556}") = "Quix.Streams.State", "Quix.Streams.State\Quix.Streams.State.csproj", "{350AC0C0-EB19-4BEF-9AB0-5098FE28AFB4}"
EndProject
Project("{9A19103F-16F7-4668-BE54-9A1E7A4F7556}") = "Quix.Streams.State.UnitTests", "Quix.Streams.State.UnitTests\Quix.Streams.State.UnitTests.csproj", "{E6B67F17-A420-4361-93FA-D93E6E67D838}"
EndProject
Project("{9A19103F-16F7-4668-BE54-9A1E7A4F7556}") = "Quix.Streams.RawReadSamples", "Quix.Streams.RawReadSamples\Quix.Streams.RawReadSamples.csproj", "{A7F9ABF7-7F62-4955-8171-E25912DC2213}"
EndProject
Project("{9A19103F-16F7-4668-BE54-9A1E7A4F7556}") = "Quix.Streams.State.ParallelWriteTest", "Quix.Streams.State.ParallelWriteTest\Quix.Streams.State.ParallelWriteTest.csproj", "{F7B02B1D-BE54-4A7A-9FD1-EDE059B2FC28}"
EndProject
Global
	GlobalSection(SolutionConfigurationPlatforms) = preSolution
		Debug|Any CPU = Debug|Any CPU
		Python|Any CPU = Python|Any CPU
		Release|Any CPU = Release|Any CPU
	EndGlobalSection
	GlobalSection(ProjectConfigurationPlatforms) = postSolution
		{E317338C-BD9B-455A-82AC-81400D7F1C68}.Debug|Any CPU.ActiveCfg = Debug|Any CPU
		{E317338C-BD9B-455A-82AC-81400D7F1C68}.Debug|Any CPU.Build.0 = Debug|Any CPU
		{E317338C-BD9B-455A-82AC-81400D7F1C68}.Python|Any CPU.ActiveCfg = Python|Any CPU
		{E317338C-BD9B-455A-82AC-81400D7F1C68}.Python|Any CPU.Build.0 = Python|Any CPU
		{E317338C-BD9B-455A-82AC-81400D7F1C68}.Release|Any CPU.ActiveCfg = Release|Any CPU
		{E317338C-BD9B-455A-82AC-81400D7F1C68}.Release|Any CPU.Build.0 = Release|Any CPU
		{350E3A07-A7F5-4ED0-8328-059CC80F07E9}.Debug|Any CPU.ActiveCfg = Debug|Any CPU
		{350E3A07-A7F5-4ED0-8328-059CC80F07E9}.Debug|Any CPU.Build.0 = Debug|Any CPU
		{350E3A07-A7F5-4ED0-8328-059CC80F07E9}.Python|Any CPU.ActiveCfg = Python|Any CPU
		{350E3A07-A7F5-4ED0-8328-059CC80F07E9}.Python|Any CPU.Build.0 = Python|Any CPU
		{350E3A07-A7F5-4ED0-8328-059CC80F07E9}.Release|Any CPU.ActiveCfg = Release|Any CPU
		{350E3A07-A7F5-4ED0-8328-059CC80F07E9}.Release|Any CPU.Build.0 = Release|Any CPU
		{6EAC0582-35C1-45F8-B214-99217D52806D}.Debug|Any CPU.ActiveCfg = Debug|Any CPU
		{6EAC0582-35C1-45F8-B214-99217D52806D}.Debug|Any CPU.Build.0 = Debug|Any CPU
		{6EAC0582-35C1-45F8-B214-99217D52806D}.Python|Any CPU.ActiveCfg = Release|Any CPU
		{6EAC0582-35C1-45F8-B214-99217D52806D}.Python|Any CPU.Build.0 = Release|Any CPU
		{6EAC0582-35C1-45F8-B214-99217D52806D}.Release|Any CPU.ActiveCfg = Release|Any CPU
		{6EAC0582-35C1-45F8-B214-99217D52806D}.Release|Any CPU.Build.0 = Release|Any CPU
		{CCEC11B8-2CCE-4AD5-8094-FFD92C3AA42C}.Debug|Any CPU.ActiveCfg = Debug|Any CPU
		{CCEC11B8-2CCE-4AD5-8094-FFD92C3AA42C}.Debug|Any CPU.Build.0 = Debug|Any CPU
		{CCEC11B8-2CCE-4AD5-8094-FFD92C3AA42C}.Python|Any CPU.ActiveCfg = Release|Any CPU
		{CCEC11B8-2CCE-4AD5-8094-FFD92C3AA42C}.Python|Any CPU.Build.0 = Release|Any CPU
		{CCEC11B8-2CCE-4AD5-8094-FFD92C3AA42C}.Release|Any CPU.ActiveCfg = Release|Any CPU
		{CCEC11B8-2CCE-4AD5-8094-FFD92C3AA42C}.Release|Any CPU.Build.0 = Release|Any CPU
		{F3FA5616-9E34-4B8D-9DB9-29C05D223EA4}.Debug|Any CPU.ActiveCfg = Debug|Any CPU
		{F3FA5616-9E34-4B8D-9DB9-29C05D223EA4}.Debug|Any CPU.Build.0 = Debug|Any CPU
		{F3FA5616-9E34-4B8D-9DB9-29C05D223EA4}.Python|Any CPU.ActiveCfg = Python|Any CPU
		{F3FA5616-9E34-4B8D-9DB9-29C05D223EA4}.Python|Any CPU.Build.0 = Python|Any CPU
		{F3FA5616-9E34-4B8D-9DB9-29C05D223EA4}.Release|Any CPU.ActiveCfg = Release|Any CPU
		{F3FA5616-9E34-4B8D-9DB9-29C05D223EA4}.Release|Any CPU.Build.0 = Release|Any CPU
		{AA9570F5-8275-431B-8955-CFEE282FCBA4}.Debug|Any CPU.ActiveCfg = Debug|Any CPU
		{AA9570F5-8275-431B-8955-CFEE282FCBA4}.Debug|Any CPU.Build.0 = Debug|Any CPU
		{AA9570F5-8275-431B-8955-CFEE282FCBA4}.Python|Any CPU.ActiveCfg = Python|Any CPU
		{AA9570F5-8275-431B-8955-CFEE282FCBA4}.Python|Any CPU.Build.0 = Python|Any CPU
		{AA9570F5-8275-431B-8955-CFEE282FCBA4}.Release|Any CPU.ActiveCfg = Release|Any CPU
		{AA9570F5-8275-431B-8955-CFEE282FCBA4}.Release|Any CPU.Build.0 = Release|Any CPU
		{34864168-27E3-4C6A-94BA-0A7E51EFC5BD}.Debug|Any CPU.ActiveCfg = Debug|Any CPU
		{34864168-27E3-4C6A-94BA-0A7E51EFC5BD}.Debug|Any CPU.Build.0 = Debug|Any CPU
		{34864168-27E3-4C6A-94BA-0A7E51EFC5BD}.Python|Any CPU.ActiveCfg = Release|Any CPU
		{34864168-27E3-4C6A-94BA-0A7E51EFC5BD}.Python|Any CPU.Build.0 = Release|Any CPU
		{34864168-27E3-4C6A-94BA-0A7E51EFC5BD}.Release|Any CPU.ActiveCfg = Release|Any CPU
		{34864168-27E3-4C6A-94BA-0A7E51EFC5BD}.Release|Any CPU.Build.0 = Release|Any CPU
		{CE41D85F-063B-4E3E-955C-8424E0FFB872}.Debug|Any CPU.ActiveCfg = Debug|Any CPU
		{CE41D85F-063B-4E3E-955C-8424E0FFB872}.Debug|Any CPU.Build.0 = Debug|Any CPU
		{CE41D85F-063B-4E3E-955C-8424E0FFB872}.Python|Any CPU.ActiveCfg = Release|Any CPU
		{CE41D85F-063B-4E3E-955C-8424E0FFB872}.Python|Any CPU.Build.0 = Release|Any CPU
		{CE41D85F-063B-4E3E-955C-8424E0FFB872}.Release|Any CPU.ActiveCfg = Release|Any CPU
		{CE41D85F-063B-4E3E-955C-8424E0FFB872}.Release|Any CPU.Build.0 = Release|Any CPU
		{DAFD6128-ACF8-41F3-BF36-A46EFC1545E2}.Debug|Any CPU.ActiveCfg = Debug|Any CPU
		{DAFD6128-ACF8-41F3-BF36-A46EFC1545E2}.Debug|Any CPU.Build.0 = Debug|Any CPU
		{DAFD6128-ACF8-41F3-BF36-A46EFC1545E2}.Python|Any CPU.ActiveCfg = Python|Any CPU
		{DAFD6128-ACF8-41F3-BF36-A46EFC1545E2}.Python|Any CPU.Build.0 = Python|Any CPU
		{DAFD6128-ACF8-41F3-BF36-A46EFC1545E2}.Release|Any CPU.ActiveCfg = Release|Any CPU
		{DAFD6128-ACF8-41F3-BF36-A46EFC1545E2}.Release|Any CPU.Build.0 = Release|Any CPU
		{6BB99FD3-0353-4BC3-A940-7D1E6FFF6E43}.Debug|Any CPU.ActiveCfg = Debug|Any CPU
		{6BB99FD3-0353-4BC3-A940-7D1E6FFF6E43}.Debug|Any CPU.Build.0 = Debug|Any CPU
		{6BB99FD3-0353-4BC3-A940-7D1E6FFF6E43}.Python|Any CPU.ActiveCfg = Python|Any CPU
		{6BB99FD3-0353-4BC3-A940-7D1E6FFF6E43}.Python|Any CPU.Build.0 = Python|Any CPU
		{6BB99FD3-0353-4BC3-A940-7D1E6FFF6E43}.Release|Any CPU.ActiveCfg = Release|Any CPU
		{6BB99FD3-0353-4BC3-A940-7D1E6FFF6E43}.Release|Any CPU.Build.0 = Release|Any CPU
		{73D77A25-E684-4825-8884-722D9F667F6D}.Debug|Any CPU.ActiveCfg = Debug|Any CPU
		{73D77A25-E684-4825-8884-722D9F667F6D}.Debug|Any CPU.Build.0 = Debug|Any CPU
		{73D77A25-E684-4825-8884-722D9F667F6D}.Python|Any CPU.ActiveCfg = Python|Any CPU
		{73D77A25-E684-4825-8884-722D9F667F6D}.Python|Any CPU.Build.0 = Python|Any CPU
		{73D77A25-E684-4825-8884-722D9F667F6D}.Release|Any CPU.ActiveCfg = Release|Any CPU
		{73D77A25-E684-4825-8884-722D9F667F6D}.Release|Any CPU.Build.0 = Release|Any CPU
		{E85B2995-C540-440A-B5AD-7E950117AE8D}.Debug|Any CPU.ActiveCfg = Debug|Any CPU
		{E85B2995-C540-440A-B5AD-7E950117AE8D}.Debug|Any CPU.Build.0 = Debug|Any CPU
		{E85B2995-C540-440A-B5AD-7E950117AE8D}.Python|Any CPU.ActiveCfg = Python|Any CPU
		{E85B2995-C540-440A-B5AD-7E950117AE8D}.Python|Any CPU.Build.0 = Python|Any CPU
		{E85B2995-C540-440A-B5AD-7E950117AE8D}.Release|Any CPU.ActiveCfg = Release|Any CPU
		{E85B2995-C540-440A-B5AD-7E950117AE8D}.Release|Any CPU.Build.0 = Release|Any CPU
		{D7C3FA96-8F49-4487-BD78-5767544936D1}.Debug|Any CPU.ActiveCfg = Debug|Any CPU
		{D7C3FA96-8F49-4487-BD78-5767544936D1}.Debug|Any CPU.Build.0 = Debug|Any CPU
		{D7C3FA96-8F49-4487-BD78-5767544936D1}.Python|Any CPU.ActiveCfg = Python|Any CPU
		{D7C3FA96-8F49-4487-BD78-5767544936D1}.Python|Any CPU.Build.0 = Python|Any CPU
		{D7C3FA96-8F49-4487-BD78-5767544936D1}.Release|Any CPU.ActiveCfg = Release|Any CPU
		{D7C3FA96-8F49-4487-BD78-5767544936D1}.Release|Any CPU.Build.0 = Release|Any CPU
		{1081E386-7684-48DA-8267-011B4FB0513C}.Debug|Any CPU.ActiveCfg = Debug|Any CPU
		{1081E386-7684-48DA-8267-011B4FB0513C}.Debug|Any CPU.Build.0 = Debug|Any CPU
		{1081E386-7684-48DA-8267-011B4FB0513C}.Python|Any CPU.ActiveCfg = Python|Any CPU
		{1081E386-7684-48DA-8267-011B4FB0513C}.Python|Any CPU.Build.0 = Python|Any CPU
		{1081E386-7684-48DA-8267-011B4FB0513C}.Release|Any CPU.ActiveCfg = Release|Any CPU
		{1081E386-7684-48DA-8267-011B4FB0513C}.Release|Any CPU.Build.0 = Release|Any CPU
		{68C508C5-77C7-4B6F-BA67-6A80A7E21929}.Debug|Any CPU.ActiveCfg = Debug|Any CPU
		{68C508C5-77C7-4B6F-BA67-6A80A7E21929}.Debug|Any CPU.Build.0 = Debug|Any CPU
		{68C508C5-77C7-4B6F-BA67-6A80A7E21929}.Python|Any CPU.ActiveCfg = Python|Any CPU
		{68C508C5-77C7-4B6F-BA67-6A80A7E21929}.Python|Any CPU.Build.0 = Python|Any CPU
		{68C508C5-77C7-4B6F-BA67-6A80A7E21929}.Release|Any CPU.ActiveCfg = Release|Any CPU
		{68C508C5-77C7-4B6F-BA67-6A80A7E21929}.Release|Any CPU.Build.0 = Release|Any CPU
		{A53869D2-0FEF-4569-BB9A-F4D09BB23A9E}.Debug|Any CPU.ActiveCfg = Debug|Any CPU
		{A53869D2-0FEF-4569-BB9A-F4D09BB23A9E}.Debug|Any CPU.Build.0 = Debug|Any CPU
		{A53869D2-0FEF-4569-BB9A-F4D09BB23A9E}.Python|Any CPU.ActiveCfg = Python|Any CPU
		{A53869D2-0FEF-4569-BB9A-F4D09BB23A9E}.Python|Any CPU.Build.0 = Python|Any CPU
		{A53869D2-0FEF-4569-BB9A-F4D09BB23A9E}.Release|Any CPU.ActiveCfg = Release|Any CPU
		{A53869D2-0FEF-4569-BB9A-F4D09BB23A9E}.Release|Any CPU.Build.0 = Release|Any CPU
		{3EAEC689-C154-4878-960F-A41917E9CCE3}.Debug|Any CPU.ActiveCfg = Debug|Any CPU
		{3EAEC689-C154-4878-960F-A41917E9CCE3}.Debug|Any CPU.Build.0 = Debug|Any CPU
		{3EAEC689-C154-4878-960F-A41917E9CCE3}.Python|Any CPU.ActiveCfg = Python|Any CPU
		{3EAEC689-C154-4878-960F-A41917E9CCE3}.Python|Any CPU.Build.0 = Python|Any CPU
		{3EAEC689-C154-4878-960F-A41917E9CCE3}.Release|Any CPU.ActiveCfg = Release|Any CPU
		{3EAEC689-C154-4878-960F-A41917E9CCE3}.Release|Any CPU.Build.0 = Release|Any CPU
		{350AC0C0-EB19-4BEF-9AB0-5098FE28AFB4}.Debug|Any CPU.ActiveCfg = Debug|Any CPU
		{350AC0C0-EB19-4BEF-9AB0-5098FE28AFB4}.Debug|Any CPU.Build.0 = Debug|Any CPU
		{350AC0C0-EB19-4BEF-9AB0-5098FE28AFB4}.Python|Any CPU.ActiveCfg = Release|Any CPU
		{350AC0C0-EB19-4BEF-9AB0-5098FE28AFB4}.Python|Any CPU.Build.0 = Release|Any CPU
		{350AC0C0-EB19-4BEF-9AB0-5098FE28AFB4}.Release|Any CPU.ActiveCfg = Release|Any CPU
		{350AC0C0-EB19-4BEF-9AB0-5098FE28AFB4}.Release|Any CPU.Build.0 = Release|Any CPU
		{E6B67F17-A420-4361-93FA-D93E6E67D838}.Debug|Any CPU.ActiveCfg = Debug|Any CPU
		{E6B67F17-A420-4361-93FA-D93E6E67D838}.Debug|Any CPU.Build.0 = Debug|Any CPU
		{E6B67F17-A420-4361-93FA-D93E6E67D838}.Python|Any CPU.ActiveCfg = Python|Any CPU
		{E6B67F17-A420-4361-93FA-D93E6E67D838}.Python|Any CPU.Build.0 = Python|Any CPU
		{E6B67F17-A420-4361-93FA-D93E6E67D838}.Release|Any CPU.ActiveCfg = Release|Any CPU
		{E6B67F17-A420-4361-93FA-D93E6E67D838}.Release|Any CPU.Build.0 = Release|Any CPU
		{A7F9ABF7-7F62-4955-8171-E25912DC2213}.Debug|Any CPU.ActiveCfg = Debug|Any CPU
		{A7F9ABF7-7F62-4955-8171-E25912DC2213}.Debug|Any CPU.Build.0 = Debug|Any CPU
		{A7F9ABF7-7F62-4955-8171-E25912DC2213}.Python|Any CPU.ActiveCfg = Python|Any CPU
		{A7F9ABF7-7F62-4955-8171-E25912DC2213}.Python|Any CPU.Build.0 = Python|Any CPU
		{A7F9ABF7-7F62-4955-8171-E25912DC2213}.Release|Any CPU.ActiveCfg = Release|Any CPU
		{A7F9ABF7-7F62-4955-8171-E25912DC2213}.Release|Any CPU.Build.0 = Release|Any CPU
		{F7B02B1D-BE54-4A7A-9FD1-EDE059B2FC28}.Debug|Any CPU.ActiveCfg = Debug|Any CPU
		{F7B02B1D-BE54-4A7A-9FD1-EDE059B2FC28}.Debug|Any CPU.Build.0 = Debug|Any CPU
		{F7B02B1D-BE54-4A7A-9FD1-EDE059B2FC28}.Python|Any CPU.ActiveCfg = Debug|Any CPU
		{F7B02B1D-BE54-4A7A-9FD1-EDE059B2FC28}.Python|Any CPU.Build.0 = Debug|Any CPU
		{F7B02B1D-BE54-4A7A-9FD1-EDE059B2FC28}.Release|Any CPU.ActiveCfg = Release|Any CPU
	EndGlobalSection
	GlobalSection(SolutionProperties) = preSolution
		HideSolutionNode = FALSE
	EndGlobalSection
	GlobalSection(NestedProjects) = preSolution
		{350E3A07-A7F5-4ED0-8328-059CC80F07E9} = {A017302E-839F-4D1C-AD50-5C6AF5F7DE3F}
		{6EAC0582-35C1-45F8-B214-99217D52806D} = {F1EDBE48-54DD-4ABE-A6FB-2ECC9C96F260}
		{F3FA5616-9E34-4B8D-9DB9-29C05D223EA4} = {F1EDBE48-54DD-4ABE-A6FB-2ECC9C96F260}
		{AA9570F5-8275-431B-8955-CFEE282FCBA4} = {F1EDBE48-54DD-4ABE-A6FB-2ECC9C96F260}
		{DAFD6128-ACF8-41F3-BF36-A46EFC1545E2} = {F1EDBE48-54DD-4ABE-A6FB-2ECC9C96F260}
		{6BB99FD3-0353-4BC3-A940-7D1E6FFF6E43} = {A017302E-839F-4D1C-AD50-5C6AF5F7DE3F}
		{73D77A25-E684-4825-8884-722D9F667F6D} = {F1EDBE48-54DD-4ABE-A6FB-2ECC9C96F260}
		{E85B2995-C540-440A-B5AD-7E950117AE8D} = {A017302E-839F-4D1C-AD50-5C6AF5F7DE3F}
		{D7C3FA96-8F49-4487-BD78-5767544936D1} = {A017302E-839F-4D1C-AD50-5C6AF5F7DE3F}
		{1081E386-7684-48DA-8267-011B4FB0513C} = {F1EDBE48-54DD-4ABE-A6FB-2ECC9C96F260}
		{68C508C5-77C7-4B6F-BA67-6A80A7E21929} = {A017302E-839F-4D1C-AD50-5C6AF5F7DE3F}
		{A53869D2-0FEF-4569-BB9A-F4D09BB23A9E} = {A017302E-839F-4D1C-AD50-5C6AF5F7DE3F}
		{3EAEC689-C154-4878-960F-A41917E9CCE3} = {A017302E-839F-4D1C-AD50-5C6AF5F7DE3F}
		{E6B67F17-A420-4361-93FA-D93E6E67D838} = {F1EDBE48-54DD-4ABE-A6FB-2ECC9C96F260}
		{A7F9ABF7-7F62-4955-8171-E25912DC2213} = {A017302E-839F-4D1C-AD50-5C6AF5F7DE3F}
		{F7B02B1D-BE54-4A7A-9FD1-EDE059B2FC28} = {A017302E-839F-4D1C-AD50-5C6AF5F7DE3F}
	EndGlobalSection
	GlobalSection(ExtensibilityGlobals) = postSolution
		SolutionGuid = {C6290472-9588-465F-889C-D5CA8A845449}
	EndGlobalSection
EndGlobal
