
Microsoft Visual Studio Solution File, Format Version 12.00
# Visual Studio Version 16
VisualStudioVersion = 16.0.31313.79
MinimumVisualStudioVersion = 10.0.40219.1
Project("{FAE04EC0-301F-11D3-BF4B-00C04F79EFBC}") = "QuixStreams.State", "QuixStreams.State\QuixStreams.State.csproj", "{BD40DB54-7A87-4D9A-B760-485717F88EB1}"
EndProject
Global
	GlobalSection(SolutionConfigurationPlatforms) = preSolution
		Debug|Any CPU = Debug|Any CPU
		Release|Any CPU = Release|Any CPU
	EndGlobalSection
	GlobalSection(ProjectConfigurationPlatforms) = postSolution
		{BD40DB54-7A87-4D9A-B760-485717F88EB1}.Debug|Any CPU.ActiveCfg = Debug|Any CPU
		{BD40DB54-7A87-4D9A-B760-485717F88EB1}.Debug|Any CPU.Build.0 = Debug|Any CPU
		{BD40DB54-7A87-4D9A-B760-485717F88EB1}.Release|Any CPU.ActiveCfg = Release|Any CPU
		{BD40DB54-7A87-4D9A-B760-485717F88EB1}.Release|Any CPU.Build.0 = Release|Any CPU
	EndGlobalSection
	GlobalSection(SolutionProperties) = preSolution
		HideSolutionNode = FALSE
	EndGlobalSection
	GlobalSection(ExtensibilityGlobals) = postSolution
		SolutionGuid = {CE194310-42DF-4668-92C9-C6B33F5EAB4B}
	EndGlobalSection
EndGlobal
